
Microsoft Visual Studio Solution File, Format Version 12.00
# Visual Studio Version 17
VisualStudioVersion = 17.14.36127.28 d17.14
MinimumVisualStudioVersion = 10.0.40219.1
Project("{FAE04EC0-301F-11D3-BF4B-00C04F79EFBC}") = "github-visual_studio_2022", "github-visual_studio_2022\github-visual_studio_2022.csproj", "{7DB8438E-80BB-4187-8D42-2B24EFC6590D}"
EndProject
Global
	GlobalSection(SolutionConfigurationPlatforms) = preSolution
		Debug|Any CPU = Debug|Any CPU
		Release|Any CPU = Release|Any CPU
	EndGlobalSection
	GlobalSection(ProjectConfigurationPlatforms) = postSolution
		{7DB8438E-80BB-4187-8D42-2B24EFC6590D}.Debug|Any CPU.ActiveCfg = Debug|Any CPU
		{7DB8438E-80BB-4187-8D42-2B24EFC6590D}.Debug|Any CPU.Build.0 = Debug|Any CPU
		{7DB8438E-80BB-4187-8D42-2B24EFC6590D}.Release|Any CPU.ActiveCfg = Release|Any CPU
		{7DB8438E-80BB-4187-8D42-2B24EFC6590D}.Release|Any CPU.Build.0 = Release|Any CPU
	EndGlobalSection
	GlobalSection(SolutionProperties) = preSolution
		HideSolutionNode = FALSE
	EndGlobalSection
	GlobalSection(ExtensibilityGlobals) = postSolution
		SolutionGuid = {BD368B21-BE2D-47C7-B756-02DC90F2169F}
	EndGlobalSection
EndGlobal
